
Microsoft Visual Studio Solution File, Format Version 12.00
# Visual Studio Version 17
VisualStudioVersion = 17.5.002.0
MinimumVisualStudioVersion = 10.0.40219.1
Project("{2150E333-8FDC-42A3-9474-1A3956D46DE8}") = "csharp-prep", "csharp-prep", "{EBF86E4A-946A-4BD4-A82F-BF7592F0DAA1}"
EndProject
Project("{9A19103F-16F7-4668-BE54-9A1E7A4F7556}") = "Prep1", "csharp-prep\Prep1\Prep1.csproj", "{1DAA771C-A3A9-4FC6-BE8A-61A968D21F36}"
EndProject
Project("{9A19103F-16F7-4668-BE54-9A1E7A4F7556}") = "Prep2", "csharp-prep\Prep2\Prep2.csproj", "{BF423134-8C4A-4E75-9843-7FA1CCA87659}"
EndProject
Project("{9A19103F-16F7-4668-BE54-9A1E7A4F7556}") = "Prep3", "csharp-prep\Prep3\Prep3.csproj", "{E98C9601-BF76-4A6B-A981-44E56F423673}"
EndProject
Project("{9A19103F-16F7-4668-BE54-9A1E7A4F7556}") = "Prep4", "csharp-prep\Prep4\Prep4.csproj", "{A205766A-CEB0-4AC5-AF17-3EEF7F1BAE0B}"
EndProject
Project("{9A19103F-16F7-4668-BE54-9A1E7A4F7556}") = "Prep5", "csharp-prep\Prep5\Prep5.csproj", "{28F2BC06-DA30-40EA-9FA3-ACADDF2D12F0}"
EndProject
Project("{2150E333-8FDC-42A3-9474-1A3956D46DE8}") = "final", "final", "{9F503570-ECCD-40CF-A2A9-506951DA6A4C}"
EndProject
Project("{9A19103F-16F7-4668-BE54-9A1E7A4F7556}") = "FinalProject", "final\FinalProject\FinalProject.csproj", "{2D992B71-9DEF-4F28-A8D4-94A1038EE654}"
EndProject
Project("{9A19103F-16F7-4668-BE54-9A1E7A4F7556}") = "Foundation1", "final\Foundation1\Foundation1.csproj", "{3C76BC34-A244-40EA-9EAD-9E2EAD5424A5}"
EndProject
Project("{9A19103F-16F7-4668-BE54-9A1E7A4F7556}") = "Foundation2", "final\Foundation2\Foundation2.csproj", "{62E73B89-1445-445D-AE08-93AB7BC24A70}"
EndProject
Project("{9A19103F-16F7-4668-BE54-9A1E7A4F7556}") = "Foundation3", "final\Foundation3\Foundation3.csproj", "{06DA11BD-8FCF-4E20-BF09-917F6963D11C}"
EndProject
Project("{9A19103F-16F7-4668-BE54-9A1E7A4F7556}") = "Foundation4", "final\Foundation4\Foundation4.csproj", "{BB04CABC-86F9-4D83-B207-B2B7D119F811}"
EndProject
Project("{2150E333-8FDC-42A3-9474-1A3956D46DE8}") = "prepare", "prepare", "{C702E717-1375-457F-9880-23DD3E3A55FB}"
EndProject
Project("{9A19103F-16F7-4668-BE54-9A1E7A4F7556}") = "Learning02", "prepare\Learning02\Learning02.csproj", "{E782F162-532F-4AD2-BC20-B693C987828F}"
EndProject
Project("{9A19103F-16F7-4668-BE54-9A1E7A4F7556}") = "Learning03", "prepare\Learning03\Learning03.csproj", "{7421E8CD-9DF3-4339-8804-B769002E09CF}"
EndProject
Project("{9A19103F-16F7-4668-BE54-9A1E7A4F7556}") = "Learning04", "prepare\Learning04\Learning04.csproj", "{E05E8C7C-DF2C-479C-8271-B503469C2B03}"
EndProject
Project("{9A19103F-16F7-4668-BE54-9A1E7A4F7556}") = "Learning05", "prepare\Learning05\Learning05.csproj", "{BBE84126-85DA-405E-89C0-1ADDC49CF000}"
EndProject
Project("{2150E333-8FDC-42A3-9474-1A3956D46DE8}") = "prove", "prove", "{DC707516-0B51-4A1E-9850-43C5F4078D51}"
EndProject
Project("{9A19103F-16F7-4668-BE54-9A1E7A4F7556}") = "Develop02", "prove\Develop02\Develop02.csproj", "{CB8A52D9-182E-42AC-8DF1-9E31D0EF6DD4}"
EndProject
Project("{9A19103F-16F7-4668-BE54-9A1E7A4F7556}") = "Develop03", "prove\Develop03\Develop03.csproj", "{D691677C-1A68-4877-B065-FF7951A37A49}"
EndProject
Project("{9A19103F-16F7-4668-BE54-9A1E7A4F7556}") = "Develop04", "prove\Develop04\Develop04.csproj", "{A59720EF-9918-4FDF-9C5F-37AB71E27A7F}"
EndProject
Project("{9A19103F-16F7-4668-BE54-9A1E7A4F7556}") = "Develop05", "prove\Develop05\Develop05.csproj", "{E64D66BB-61A0-4DDB-BA38-17E9CDAE47F1}"
EndProject
Project("{2150E333-8FDC-42A3-9474-1A3956D46DE8}") = "sandbox", "sandbox", "{473F1868-9293-41F8-A1E0-1E316B5F79BF}"
EndProject
Project("{9A19103F-16F7-4668-BE54-9A1E7A4F7556}") = "Sandbox", "sandbox\Sandbox\Sandbox.csproj", "{B8696612-4202-4816-9C04-9C272CFA014B}"
EndProject
Global
	GlobalSection(SolutionConfigurationPlatforms) = preSolution
		Debug|Any CPU = Debug|Any CPU
		Release|Any CPU = Release|Any CPU
	EndGlobalSection
	GlobalSection(ProjectConfigurationPlatforms) = postSolution
		{1DAA771C-A3A9-4FC6-BE8A-61A968D21F36}.Debug|Any CPU.ActiveCfg = Debug|Any CPU
		{1DAA771C-A3A9-4FC6-BE8A-61A968D21F36}.Debug|Any CPU.Build.0 = Debug|Any CPU
		{1DAA771C-A3A9-4FC6-BE8A-61A968D21F36}.Release|Any CPU.ActiveCfg = Release|Any CPU
		{1DAA771C-A3A9-4FC6-BE8A-61A968D21F36}.Release|Any CPU.Build.0 = Release|Any CPU
		{BF423134-8C4A-4E75-9843-7FA1CCA87659}.Debug|Any CPU.ActiveCfg = Debug|Any CPU
		{BF423134-8C4A-4E75-9843-7FA1CCA87659}.Debug|Any CPU.Build.0 = Debug|Any CPU
		{BF423134-8C4A-4E75-9843-7FA1CCA87659}.Release|Any CPU.ActiveCfg = Release|Any CPU
		{BF423134-8C4A-4E75-9843-7FA1CCA87659}.Release|Any CPU.Build.0 = Release|Any CPU
		{E98C9601-BF76-4A6B-A981-44E56F423673}.Debug|Any CPU.ActiveCfg = Debug|Any CPU
		{E98C9601-BF76-4A6B-A981-44E56F423673}.Debug|Any CPU.Build.0 = Debug|Any CPU
		{E98C9601-BF76-4A6B-A981-44E56F423673}.Release|Any CPU.ActiveCfg = Release|Any CPU
		{E98C9601-BF76-4A6B-A981-44E56F423673}.Release|Any CPU.Build.0 = Release|Any CPU
		{A205766A-CEB0-4AC5-AF17-3EEF7F1BAE0B}.Debug|Any CPU.ActiveCfg = Debug|Any CPU
		{A205766A-CEB0-4AC5-AF17-3EEF7F1BAE0B}.Debug|Any CPU.Build.0 = Debug|Any CPU
		{A205766A-CEB0-4AC5-AF17-3EEF7F1BAE0B}.Release|Any CPU.ActiveCfg = Release|Any CPU
		{A205766A-CEB0-4AC5-AF17-3EEF7F1BAE0B}.Release|Any CPU.Build.0 = Release|Any CPU
		{28F2BC06-DA30-40EA-9FA3-ACADDF2D12F0}.Debug|Any CPU.ActiveCfg = Debug|Any CPU
		{28F2BC06-DA30-40EA-9FA3-ACADDF2D12F0}.Debug|Any CPU.Build.0 = Debug|Any CPU
		{28F2BC06-DA30-40EA-9FA3-ACADDF2D12F0}.Release|Any CPU.ActiveCfg = Release|Any CPU
		{28F2BC06-DA30-40EA-9FA3-ACADDF2D12F0}.Release|Any CPU.Build.0 = Release|Any CPU
		{2D992B71-9DEF-4F28-A8D4-94A1038EE654}.Debug|Any CPU.ActiveCfg = Debug|Any CPU
		{2D992B71-9DEF-4F28-A8D4-94A1038EE654}.Debug|Any CPU.Build.0 = Debug|Any CPU
		{2D992B71-9DEF-4F28-A8D4-94A1038EE654}.Release|Any CPU.ActiveCfg = Release|Any CPU
		{2D992B71-9DEF-4F28-A8D4-94A1038EE654}.Release|Any CPU.Build.0 = Release|Any CPU
		{3C76BC34-A244-40EA-9EAD-9E2EAD5424A5}.Debug|Any CPU.ActiveCfg = Debug|Any CPU
		{3C76BC34-A244-40EA-9EAD-9E2EAD5424A5}.Debug|Any CPU.Build.0 = Debug|Any CPU
		{3C76BC34-A244-40EA-9EAD-9E2EAD5424A5}.Release|Any CPU.ActiveCfg = Release|Any CPU
		{3C76BC34-A244-40EA-9EAD-9E2EAD5424A5}.Release|Any CPU.Build.0 = Release|Any CPU
		{62E73B89-1445-445D-AE08-93AB7BC24A70}.Debug|Any CPU.ActiveCfg = Debug|Any CPU
		{62E73B89-1445-445D-AE08-93AB7BC24A70}.Debug|Any CPU.Build.0 = Debug|Any CPU
		{62E73B89-1445-445D-AE08-93AB7BC24A70}.Release|Any CPU.ActiveCfg = Release|Any CPU
		{62E73B89-1445-445D-AE08-93AB7BC24A70}.Release|Any CPU.Build.0 = Release|Any CPU
		{06DA11BD-8FCF-4E20-BF09-917F6963D11C}.Debug|Any CPU.ActiveCfg = Debug|Any CPU
		{06DA11BD-8FCF-4E20-BF09-917F6963D11C}.Debug|Any CPU.Build.0 = Debug|Any CPU
		{06DA11BD-8FCF-4E20-BF09-917F6963D11C}.Release|Any CPU.ActiveCfg = Release|Any CPU
		{06DA11BD-8FCF-4E20-BF09-917F6963D11C}.Release|Any CPU.Build.0 = Release|Any CPU
		{BB04CABC-86F9-4D83-B207-B2B7D119F811}.Debug|Any CPU.ActiveCfg = Debug|Any CPU
		{BB04CABC-86F9-4D83-B207-B2B7D119F811}.Debug|Any CPU.Build.0 = Debug|Any CPU
		{BB04CABC-86F9-4D83-B207-B2B7D119F811}.Release|Any CPU.ActiveCfg = Release|Any CPU
		{BB04CABC-86F9-4D83-B207-B2B7D119F811}.Release|Any CPU.Build.0 = Release|Any CPU
		{E782F162-532F-4AD2-BC20-B693C987828F}.Debug|Any CPU.ActiveCfg = Debug|Any CPU
		{E782F162-532F-4AD2-BC20-B693C987828F}.Debug|Any CPU.Build.0 = Debug|Any CPU
		{E782F162-532F-4AD2-BC20-B693C987828F}.Release|Any CPU.ActiveCfg = Release|Any CPU
		{E782F162-532F-4AD2-BC20-B693C987828F}.Release|Any CPU.Build.0 = Release|Any CPU
		{7421E8CD-9DF3-4339-8804-B769002E09CF}.Debug|Any CPU.ActiveCfg = Debug|Any CPU
		{7421E8CD-9DF3-4339-8804-B769002E09CF}.Debug|Any CPU.Build.0 = Debug|Any CPU
		{7421E8CD-9DF3-4339-8804-B769002E09CF}.Release|Any CPU.ActiveCfg = Release|Any CPU
		{7421E8CD-9DF3-4339-8804-B769002E09CF}.Release|Any CPU.Build.0 = Release|Any CPU
		{E05E8C7C-DF2C-479C-8271-B503469C2B03}.Debug|Any CPU.ActiveCfg = Debug|Any CPU
		{E05E8C7C-DF2C-479C-8271-B503469C2B03}.Debug|Any CPU.Build.0 = Debug|Any CPU
		{E05E8C7C-DF2C-479C-8271-B503469C2B03}.Release|Any CPU.ActiveCfg = Release|Any CPU
		{E05E8C7C-DF2C-479C-8271-B503469C2B03}.Release|Any CPU.Build.0 = Release|Any CPU
		{BBE84126-85DA-405E-89C0-1ADDC49CF000}.Debug|Any CPU.ActiveCfg = Debug|Any CPU
		{BBE84126-85DA-405E-89C0-1ADDC49CF000}.Debug|Any CPU.Build.0 = Debug|Any CPU
		{BBE84126-85DA-405E-89C0-1ADDC49CF000}.Release|Any CPU.ActiveCfg = Release|Any CPU
		{BBE84126-85DA-405E-89C0-1ADDC49CF000}.Release|Any CPU.Build.0 = Release|Any CPU
		{CB8A52D9-182E-42AC-8DF1-9E31D0EF6DD4}.Debug|Any CPU.ActiveCfg = Debug|Any CPU
		{CB8A52D9-182E-42AC-8DF1-9E31D0EF6DD4}.Debug|Any CPU.Build.0 = Debug|Any CPU
		{CB8A52D9-182E-42AC-8DF1-9E31D0EF6DD4}.Release|Any CPU.ActiveCfg = Release|Any CPU
		{CB8A52D9-182E-42AC-8DF1-9E31D0EF6DD4}.Release|Any CPU.Build.0 = Release|Any CPU
		{D691677C-1A68-4877-B065-FF7951A37A49}.Debug|Any CPU.ActiveCfg = Debug|Any CPU
		{D691677C-1A68-4877-B065-FF7951A37A49}.Debug|Any CPU.Build.0 = Debug|Any CPU
		{D691677C-1A68-4877-B065-FF7951A37A49}.Release|Any CPU.ActiveCfg = Release|Any CPU
		{D691677C-1A68-4877-B065-FF7951A37A49}.Release|Any CPU.Build.0 = Release|Any CPU
		{A59720EF-9918-4FDF-9C5F-37AB71E27A7F}.Debug|Any CPU.ActiveCfg = Debug|Any CPU
		{A59720EF-9918-4FDF-9C5F-37AB71E27A7F}.Debug|Any CPU.Build.0 = Debug|Any CPU
		{A59720EF-9918-4FDF-9C5F-37AB71E27A7F}.Release|Any CPU.ActiveCfg = Release|Any CPU
		{A59720EF-9918-4FDF-9C5F-37AB71E27A7F}.Release|Any CPU.Build.0 = Release|Any CPU
		{E64D66BB-61A0-4DDB-BA38-17E9CDAE47F1}.Debug|Any CPU.ActiveCfg = Debug|Any CPU
		{E64D66BB-61A0-4DDB-BA38-17E9CDAE47F1}.Debug|Any CPU.Build.0 = Debug|Any CPU
		{E64D66BB-61A0-4DDB-BA38-17E9CDAE47F1}.Release|Any CPU.ActiveCfg = Release|Any CPU
		{E64D66BB-61A0-4DDB-BA38-17E9CDAE47F1}.Release|Any CPU.Build.0 = Release|Any CPU
		{B8696612-4202-4816-9C04-9C272CFA014B}.Debug|Any CPU.ActiveCfg = Debug|Any CPU
		{B8696612-4202-4816-9C04-9C272CFA014B}.Debug|Any CPU.Build.0 = Debug|Any CPU
		{B8696612-4202-4816-9C04-9C272CFA014B}.Release|Any CPU.ActiveCfg = Release|Any CPU
		{B8696612-4202-4816-9C04-9C272CFA014B}.Release|Any CPU.Build.0 = Release|Any CPU
	EndGlobalSection
	GlobalSection(SolutionProperties) = preSolution
		HideSolutionNode = FALSE
	EndGlobalSection
	GlobalSection(NestedProjects) = preSolution
		{1DAA771C-A3A9-4FC6-BE8A-61A968D21F36} = {EBF86E4A-946A-4BD4-A82F-BF7592F0DAA1}
		{BF423134-8C4A-4E75-9843-7FA1CCA87659} = {EBF86E4A-946A-4BD4-A82F-BF7592F0DAA1}
		{E98C9601-BF76-4A6B-A981-44E56F423673} = {EBF86E4A-946A-4BD4-A82F-BF7592F0DAA1}
		{A205766A-CEB0-4AC5-AF17-3EEF7F1BAE0B} = {EBF86E4A-946A-4BD4-A82F-BF7592F0DAA1}
		{28F2BC06-DA30-40EA-9FA3-ACADDF2D12F0} = {EBF86E4A-946A-4BD4-A82F-BF7592F0DAA1}
		{2D992B71-9DEF-4F28-A8D4-94A1038EE654} = {9F503570-ECCD-40CF-A2A9-506951DA6A4C}
		{3C76BC34-A244-40EA-9EAD-9E2EAD5424A5} = {9F503570-ECCD-40CF-A2A9-506951DA6A4C}
		{62E73B89-1445-445D-AE08-93AB7BC24A70} = {9F503570-ECCD-40CF-A2A9-506951DA6A4C}
		{06DA11BD-8FCF-4E20-BF09-917F6963D11C} = {9F503570-ECCD-40CF-A2A9-506951DA6A4C}
		{BB04CABC-86F9-4D83-B207-B2B7D119F811} = {9F503570-ECCD-40CF-A2A9-506951DA6A4C}
		{E782F162-532F-4AD2-BC20-B693C987828F} = {C702E717-1375-457F-9880-23DD3E3A55FB}
		{7421E8CD-9DF3-4339-8804-B769002E09CF} = {C702E717-1375-457F-9880-23DD3E3A55FB}
		{E05E8C7C-DF2C-479C-8271-B503469C2B03} = {C702E717-1375-457F-9880-23DD3E3A55FB}
		{BBE84126-85DA-405E-89C0-1ADDC49CF000} = {C702E717-1375-457F-9880-23DD3E3A55FB}
		{CB8A52D9-182E-42AC-8DF1-9E31D0EF6DD4} = {DC707516-0B51-4A1E-9850-43C5F4078D51}
		{D691677C-1A68-4877-B065-FF7951A37A49} = {DC707516-0B51-4A1E-9850-43C5F4078D51}
		{A59720EF-9918-4FDF-9C5F-37AB71E27A7F} = {DC707516-0B51-4A1E-9850-43C5F4078D51}
		{E64D66BB-61A0-4DDB-BA38-17E9CDAE47F1} = {DC707516-0B51-4A1E-9850-43C5F4078D51}
		{B8696612-4202-4816-9C04-9C272CFA014B} = {473F1868-9293-41F8-A1E0-1E316B5F79BF}
	EndGlobalSection
	GlobalSection(ExtensibilityGlobals) = postSolution
		SolutionGuid = {304C1A63-1E15-4A7B-ADDD-AB14A96E3BB6}
	EndGlobalSection
EndGlobal
